<?xml version="1.0" encoding="UTF-8" standalone="yes" ?>
<CodeBlocks_project_file>
	<FileVersion major="1" minor="6" />
	<Project>
		<Option title="Project_315" />
		<Option pch_mode="2" />
		<Option compiler="gcc" />
		<Build>
			<Target title="Debug">
				<Option output="bin/Debug/Project_315" prefix_auto="1" extension_auto="1" />
				<Option object_output="obj/Debug/" />
				<Option type="1" />
				<Option compiler="gcc" />
				<Compiler>
					<Add option="-g" />
				</Compiler>
			</Target>
			<Target title="Release">
				<Option output="bin/Release/Project_315" prefix_auto="1" extension_auto="1" />
				<Option object_output="obj/Release/" />
				<Option type="1" />
				<Option compiler="gcc" />
				<Compiler>
					<Add option="-O2" />
				</Compiler>
				<Linker>
					<Add option="-s" />
				</Linker>
			</Target>
		</Build>
		<Compiler>
			<Add option="-Wall" />
			<Add option="-fexceptions" />
		</Compiler>
		<Unit filename="Admin.cpp" />
		<Unit filename="Admin.h" />
		<Unit filename="Login.cpp" />
		<Unit filename="Login.h" />
		<Unit filename="Person.cpp" />
		<Unit filename="Person.h" />
		<Unit filename="Player.cpp" />
		<Unit filename="Player.h" />
		<Unit filename="difficult.txt" />
		<Unit filename="easy.txt" />
		<Unit filename="images/aeroplane.jpg" />
		<Unit filename="images/bicycle.jpg" />
		<Unit filename="images/bus.jpg" />
		<Unit filename="images/car.jpg" />
		<Unit filename="images/carrot.jpg" />
		<Unit filename="images/cauliflower.jpg" />
		<Unit filename="images/chicken.jpg" />
		<Unit filename="images/cucumber.jpg" />
		<Unit filename="images/dog.jpg" />
		<Unit filename="images/elephant.jpg" />
		<Unit filename="images/pig.jpg" />
		<Unit filename="images/potato.jpg" />
		<Unit filename="images/rabbit.jpg" />
		<Unit filename="images/sprouts.jpg" />
		<Unit filename="images/turtle.jpg" />
		<Unit filename="main.cpp" />
		<Unit filename="medium.txt" />
		<Extensions>
			<code_completion />
			<envvars />
			<debugger />
			<lib_finder disable_auto="1" />
		</Extensions>
	</Project>
</CodeBlocks_project_file>
